
Microsoft Visual Studio Solution File, Format Version 12.00
# Visual Studio Version 17
VisualStudioVersion = 17.9.34728.123
MinimumVisualStudioVersion = 10.0.40219.1
Project("{9A19103F-16F7-4668-BE54-9A1E7A4F7556}") = "BlazorEcommerceAPI", "BlazorEcommerceAPI\BlazorEcommerceAPI.csproj", "{B435EFF8-80DE-45D5-8C24-F3CA92D83440}"
EndProject
Project("{9A19103F-16F7-4668-BE54-9A1E7A4F7556}") = "BlazorEcommerceClient", "BlazorEcommerceClient\BlazorEcommerceClient.csproj", "{085380FC-FD2E-43D5-A07F-A7831590932D}"
EndProject
Project("{9A19103F-16F7-4668-BE54-9A1E7A4F7556}") = "BlazorEcommerceSharedLibrary", "BlazorEcommerceSharedLibrary\BlazorEcommerceSharedLibrary.csproj", "{1942B743-786C-4492-B13C-1BF5E95E6296}"
EndProject
Global
	GlobalSection(SolutionConfigurationPlatforms) = preSolution
		Debug|Any CPU = Debug|Any CPU
		Release|Any CPU = Release|Any CPU
	EndGlobalSection
	GlobalSection(ProjectConfigurationPlatforms) = postSolution
		{B435EFF8-80DE-45D5-8C24-F3CA92D83440}.Debug|Any CPU.ActiveCfg = Debug|Any CPU
		{B435EFF8-80DE-45D5-8C24-F3CA92D83440}.Debug|Any CPU.Build.0 = Debug|Any CPU
		{B435EFF8-80DE-45D5-8C24-F3CA92D83440}.Release|Any CPU.ActiveCfg = Release|Any CPU
		{B435EFF8-80DE-45D5-8C24-F3CA92D83440}.Release|Any CPU.Build.0 = Release|Any CPU
		{085380FC-FD2E-43D5-A07F-A7831590932D}.Debug|Any CPU.ActiveCfg = Debug|Any CPU
		{085380FC-FD2E-43D5-A07F-A7831590932D}.Debug|Any CPU.Build.0 = Debug|Any CPU
		{085380FC-FD2E-43D5-A07F-A7831590932D}.Release|Any CPU.ActiveCfg = Release|Any CPU
		{085380FC-FD2E-43D5-A07F-A7831590932D}.Release|Any CPU.Build.0 = Release|Any CPU
		{1942B743-786C-4492-B13C-1BF5E95E6296}.Debug|Any CPU.ActiveCfg = Debug|Any CPU
		{1942B743-786C-4492-B13C-1BF5E95E6296}.Debug|Any CPU.Build.0 = Debug|Any CPU
		{1942B743-786C-4492-B13C-1BF5E95E6296}.Release|Any CPU.ActiveCfg = Release|Any CPU
		{1942B743-786C-4492-B13C-1BF5E95E6296}.Release|Any CPU.Build.0 = Release|Any CPU
	EndGlobalSection
	GlobalSection(SolutionProperties) = preSolution
		HideSolutionNode = FALSE
	EndGlobalSection
	GlobalSection(ExtensibilityGlobals) = postSolution
		SolutionGuid = {6BEDDCB3-AB0E-43A4-9335-E55EB144D0BE}
	EndGlobalSection
EndGlobal
